// !$*UTF8*$!
{
	archiveVersion = 1;
	classes = {
	};
	objectVersion = 77;
	objects = {

/* Begin PBXBuildFile section */
		1A00000A2FDD9FF600CE2C7A /* Kingfisher in Frameworks */ = {isa = PBXBuildFile; productRef = 1A00000B2FDD9FF600CE2C7A /* Kingfisher */; };
		DFA2D9384B8848C8825F9057 /* BangumiWidgets.appex in Embed App Extensions */ = {isa = PBXBuildFile; fileRef = 055AD005C0474A9FBDF0B053 /* BangumiWidgets.appex */; settings = {ATTRIBUTES = (RemoveHeadersOnCopy, ); }; };
/* End PBXBuildFile section */

/* Begin PBXContainerItemProxy section */
		1A777D10300CE33500C482F7 /* PBXContainerItemProxy */ = {
			isa = PBXContainerItemProxy;
			containerPortal = 1A34B0992FDD9FF600CE2C7A /* Project object */;
			proxyType = 1;
			remoteGlobalIDString = 5DEE00BF30B345F8B28BC666;
			remoteInfo = BangumiWidgets;
		};
		1A00TEST0000000000000005 /* PBXContainerItemProxy */ = {
			isa = PBXContainerItemProxy;
			containerPortal = 1A34B0992FDD9FF600CE2C7A /* Project object */;
			proxyType = 1;
			remoteGlobalIDString = 1A34B0A02FDD9FF600CE2C7A;
			remoteInfo = BangumiTracker;
		};
/* End PBXContainerItemProxy section */

/* Begin PBXCopyFilesBuildPhase section */
		6042CB16D5864B38BFCA1331 /* Embed App Extensions */ = {
			isa = PBXCopyFilesBuildPhase;
			buildActionMask = 2147483647;
			dstPath = "";
			dstSubfolderSpec = 13;
			files = (
				DFA2D9384B8848C8825F9057 /* BangumiWidgets.appex in Embed App Extensions */,
			);
			name = "Embed App Extensions";
			runOnlyForDeploymentPostprocessing = 0;
		};
/* End PBXCopyFilesBuildPhase section */

/* Begin PBXFileReference section */
		055AD005C0474A9FBDF0B053 /* BangumiWidgets.appex */ = {isa = PBXFileReference; explicitFileType = "wrapper.app-extension"; includeInIndex = 0; path = BangumiWidgets.appex; sourceTree = BUILT_PRODUCTS_DIR; };
		1A34B0A12FDD9FF600CE2C7A /* BangumiTracker.app */ = {isa = PBXFileReference; explicitFileType = wrapper.application; includeInIndex = 0; path = BangumiTracker.app; sourceTree = BUILT_PRODUCTS_DIR; };
		1A777D11300CE38700C482F7 /* BangumiWidgets.entitlements */ = {isa = PBXFileReference; lastKnownFileType = text.plist.entitlements; name = BangumiWidgets.entitlements; path = BangumiWidgets/BangumiWidgets.entitlements; sourceTree = "<group>"; };
		1A00TEST0000000000000001 /* BangumiTrackerTests.xctest */ = {isa = PBXFileReference; explicitFileType = wrapper.cfbundle; includeInIndex = 0; path = BangumiTrackerTests.xctest; sourceTree = BUILT_PRODUCTS_DIR; };
/* End PBXFileReference section */

/* Begin PBXFileSystemSynchronizedRootGroup section */
		1A34B0A32FDD9FF600CE2C7A /* BangumiTracker */ = {
			isa = PBXFileSystemSynchronizedRootGroup;
			path = BangumiTracker;
			sourceTree = "<group>";
		};
		1A00TEST0000000000000002 /* BangumiTrackerTests */ = {
			isa = PBXFileSystemSynchronizedRootGroup;
			path = BangumiTrackerTests;
			sourceTree = "<group>";
		};
		E825EFD0BD0F4E1FB73A4D95 /* BangumiWidgets */ = {
			isa = PBXFileSystemSynchronizedRootGroup;
			path = BangumiWidgets;
			sourceTree = "<group>";
		};
/* End PBXFileSystemSynchronizedRootGroup section */

/* Begin PBXFrameworksBuildPhase section */
		1A34B09E2FDD9FF600CE2C7A /* Frameworks */ = {
			isa = PBXFrameworksBuildPhase;
			buildActionMask = 2147483647;
			files = (
				1A00000A2FDD9FF600CE2C7A /* Kingfisher in Frameworks */,
			);
			runOnlyForDeploymentPostprocessing = 0;
		};
		1A00TEST0000000000000003 /* Frameworks */ = {
			isa = PBXFrameworksBuildPhase;
			buildActionMask = 2147483647;
			files = (
			);
			runOnlyForDeploymentPostprocessing = 0;
		};
		5E79B77AC73B4B259BC90776 /* Frameworks */ = {
			isa = PBXFrameworksBuildPhase;
			buildActionMask = 2147483647;
			files = (
			);
			runOnlyForDeploymentPostprocessing = 0;
		};
/* End PBXFrameworksBuildPhase section */

/* Begin PBXGroup section */
		1A34B0982FDD9FF600CE2C7A = {
			isa = PBXGroup;
			children = (
				1A777D11300CE38700C482F7 /* BangumiWidgets.entitlements */,
				1A34B0A32FDD9FF600CE2C7A /* BangumiTracker */,
				1A00TEST0000000000000002 /* BangumiTrackerTests */,
				1A34B0A22FDD9FF600CE2C7A /* Products */,
				1A777C5C300CE33400C482F7 /* Recovered References */,
			);
			sourceTree = "<group>";
		};
		1A34B0A22FDD9FF600CE2C7A /* Products */ = {
			isa = PBXGroup;
			children = (
				1A34B0A12FDD9FF600CE2C7A /* BangumiTracker.app */,
				055AD005C0474A9FBDF0B053 /* BangumiWidgets.appex */,
				1A00TEST0000000000000001 /* BangumiTrackerTests.xctest */,
			);
			name = Products;
			sourceTree = "<group>";
		};
		1A777C5C300CE33400C482F7 /* Recovered References */ = {
			isa = PBXGroup;
			children = (
				E825EFD0BD0F4E1FB73A4D95 /* BangumiWidgets */,
			);
			name = "Recovered References";
			sourceTree = "<group>";
		};
/* End PBXGroup section */

/* Begin PBXNativeTarget section */
		1A34B0A02FDD9FF600CE2C7A /* BangumiTracker */ = {
			isa = PBXNativeTarget;
			buildConfigurationList = 1A34B0AE2FDD9FF700CE2C7A /* Build configuration list for PBXNativeTarget "BangumiTracker" */;
			buildPhases = (
				6042CB16D5864B38BFCA1331 /* Embed App Extensions */,
				1A34B09D2FDD9FF600CE2C7A /* Sources */,
				1A34B09E2FDD9FF600CE2C7A /* Frameworks */,
				1A34B09F2FDD9FF600CE2C7A /* Resources */,
			);
			buildRules = (
			);
			dependencies = (
				B6B1B68576BF448A93BDA2EB /* PBXTargetDependency */,
			);
			fileSystemSynchronizedGroups = (
				1A34B0A32FDD9FF600CE2C7A /* BangumiTracker */,
			);
			name = BangumiTracker;
			packageProductDependencies = (
				1A00000B2FDD9FF600CE2C7A /* Kingfisher */,
			);
			productName = BangumiTracker;
			productReference = 1A34B0A12FDD9FF600CE2C7A /* BangumiTracker.app */;
			productType = "com.apple.product-type.application";
		};
		5DEE00BF30B345F8B28BC666 /* BangumiWidgets */ = {
			isa = PBXNativeTarget;
			buildConfigurationList = 5DEE00BF30B345F8B28BC666BuildConfig /* Build configuration list for PBXNativeTarget "BangumiWidgets" */;
			buildPhases = (
				8BA9DE27B3FC42669E6280FA /* Sources */,
				5E79B77AC73B4B259BC90776 /* Frameworks */,
				B0AEE0D307B145378425B578 /* Resources */,
			);
			buildRules = (
			);
			dependencies = (
			);
			fileSystemSynchronizedGroups = (
				E825EFD0BD0F4E1FB73A4D95 /* BangumiWidgets */,
			);
			name = BangumiWidgets;
			productName = BangumiWidgets;
			productReference = 055AD005C0474A9FBDF0B053 /* BangumiWidgets.appex */;
			productType = "com.apple.product-type.app-extension";
		};
		1A00TEST0000000000000008 /* BangumiTrackerTests */ = {
			isa = PBXNativeTarget;
			buildConfigurationList = 1A00TEST0000000000000009 /* Build configuration list for PBXNativeTarget "BangumiTrackerTests" */;
			buildPhases = (
				1A00TEST0000000000000006 /* Sources */,
				1A00TEST0000000000000003 /* Frameworks */,
				1A00TEST0000000000000004 /* Resources */,
			);
			buildRules = (
			);
			dependencies = (
				1A00TEST0000000000000007 /* PBXTargetDependency */,
			);
			fileSystemSynchronizedGroups = (
				1A00TEST0000000000000002 /* BangumiTrackerTests */,
			);
			name = BangumiTrackerTests;
			productName = BangumiTrackerTests;
			productReference = 1A00TEST0000000000000001 /* BangumiTrackerTests.xctest */;
			productType = "com.apple.product-type.bundle.unit-test";
		};
/* End PBXNativeTarget section */

/* Begin PBXProject section */
		1A34B0992FDD9FF600CE2C7A /* Project object */ = {
			isa = PBXProject;
			attributes = {
				BuildIndependentTargetsInParallel = 1;
				LastSwiftUpdateCheck = 2650;
				LastUpgradeCheck = 2660;
				TargetAttributes = {
					1A34B0A02FDD9FF600CE2C7A = {
						CreatedOnToolsVersion = 26.5;
					};
					5DEE00BF30B345F8B28BC666 = {
						CreatedOnToolsVersion = 26.5;
					};
					1A00TEST0000000000000008 = {
						CreatedOnToolsVersion = 26.5;
						TestTargetID = 1A34B0A02FDD9FF600CE2C7A;
					};
				};
			};
			buildConfigurationList = 1A34B09C2FDD9FF600CE2C7A /* Build configuration list for PBXProject "BangumiTracker" */;
			developmentRegion = en;
			hasScannedForEncodings = 0;
			knownRegions = (
				en,
				Base,
			);
			mainGroup = 1A34B0982FDD9FF600CE2C7A;
			minimizedProjectReferenceProxies = 1;
			packageReferences = (
				1A00000C2FDD9FF600CE2C7A /* XCRemoteSwiftPackageReference "Kingfisher" */,
			);
			preferredProjectObjectVersion = 77;
			productRefGroup = 1A34B0A22FDD9FF600CE2C7A /* Products */;
			projectDirPath = "";
			projectRoot = "";
			targets = (
				1A34B0A02FDD9FF600CE2C7A /* BangumiTracker */,
				5DEE00BF30B345F8B28BC666 /* BangumiWidgets */,
				1A00TEST0000000000000008 /* BangumiTrackerTests */,
			);
		};
/* End PBXProject section */

/* Begin PBXResourcesBuildPhase section */
		1A34B09F2FDD9FF600CE2C7A /* Resources */ = {
			isa = PBXResourcesBuildPhase;
			buildActionMask = 2147483647;
			files = (
			);
			runOnlyForDeploymentPostprocessing = 0;
		};
		1A00TEST0000000000000004 /* Resources */ = {
			isa = PBXResourcesBuildPhase;
			buildActionMask = 2147483647;
			files = (
			);
			runOnlyForDeploymentPostprocessing = 0;
		};
		B0AEE0D307B145378425B578 /* Resources */ = {
			isa = PBXResourcesBuildPhase;
			buildActionMask = 2147483647;
			files = (
			);
			runOnlyForDeploymentPostprocessing = 0;
		};
/* End PBXResourcesBuildPhase section */

/* Begin PBXSourcesBuildPhase section */
		1A34B09D2FDD9FF600CE2C7A /* Sources */ = {
			isa = PBXSourcesBuildPhase;
			buildActionMask = 2147483647;
			files = (
			);
			runOnlyForDeploymentPostprocessing = 0;
		};
		1A00TEST0000000000000006 /* Sources */ = {
			isa = PBXSourcesBuildPhase;
			buildActionMask = 2147483647;
			files = (
			);
			runOnlyForDeploymentPostprocessing = 0;
		};
		8BA9DE27B3FC42669E6280FA /* Sources */ = {
			isa = PBXSourcesBuildPhase;
			buildActionMask = 2147483647;
			files = (
			);
			runOnlyForDeploymentPostprocessing = 0;
		};
/* End PBXSourcesBuildPhase section */

/* Begin PBXTargetDependency section */
		B6B1B68576BF448A93BDA2EB /* PBXTargetDependency */ = {
			isa = PBXTargetDependency;
			target = 5DEE00BF30B345F8B28BC666 /* BangumiWidgets */;
			targetProxy = 1A777D10300CE33500C482F7 /* PBXContainerItemProxy */;
		};
		1A00TEST0000000000000007 /* PBXTargetDependency */ = {
			isa = PBXTargetDependency;
			target = 1A34B0A02FDD9FF600CE2C7A /* BangumiTracker */;
			targetProxy = 1A00TEST0000000000000005 /* PBXContainerItemProxy */;
		};
/* End PBXTargetDependency section */

/* Begin XCBuildConfiguration section */
		0191795AE29146769360C9EF /* Release */ = {
			isa = XCBuildConfiguration;
			buildSettings = {
				APPLICATION_EXTENSION_API_ONLY = YES;
				CODE_SIGN_ENTITLEMENTS = BangumiWidgets/BangumiWidgets.entitlements;
				CODE_SIGN_IDENTITY = "-";
				"CODE_SIGN_IDENTITY[sdk=iphoneos*]" = "Apple Development";
				CODE_SIGN_STYLE = Automatic;
				CURRENT_PROJECT_VERSION = 1;
				DEVELOPMENT_TEAM = Z9PVKSMZVW;
				INFOPLIST_FILE = "BangumiWidgets-Info.plist";
				INFOPLIST_KEY_CFBundleDisplayName = BanguMate;
				INFOPLIST_KEY_CFBundleShortVersionString = "$(MARKETING_VERSION)";
				INFOPLIST_KEY_CFBundleVersion = "$(CURRENT_PROJECT_VERSION)";
				IPHONEOS_DEPLOYMENT_TARGET = 18.0;
				MARKETING_VERSION = 1.0;
				PRODUCT_BUNDLE_IDENTIFIER = z.zy.BangumiTracker.widgets;
				PRODUCT_NAME = BangumiWidgets;
				PROVISIONING_PROFILE_SPECIFIER = "";
				SWIFT_DEFAULT_ACTOR_ISOLATION = MainActor;
				SWIFT_STRICT_CONCURRENCY = complete;
				SWIFT_VERSION = 6.0;
				TARGETED_DEVICE_FAMILY = "1,2";
			};
			name = Release;
		};
		1A34B0AC2FDD9FF700CE2C7A /* Debug */ = {
			isa = XCBuildConfiguration;
			buildSettings = {
				ALWAYS_SEARCH_USER_PATHS = NO;
				ASSETCATALOG_COMPILER_GENERATE_SWIFT_ASSET_SYMBOL_EXTENSIONS = YES;
				CLANG_ANALYZER_NONNULL = YES;
				CLANG_ANALYZER_NUMBER_OBJECT_CONVERSION = YES_AGGRESSIVE;
				CLANG_CXX_LANGUAGE_STANDARD = "gnu++20";
				CLANG_ENABLE_MODULES = YES;
				CLANG_ENABLE_OBJC_ARC = YES;
				CLANG_ENABLE_OBJC_WEAK = YES;
				CLANG_WARN_BLOCK_CAPTURE_AUTORELEASING = YES;
				CLANG_WARN_BOOL_CONVERSION = YES;
				CLANG_WARN_COMMA = YES;
				CLANG_WARN_CONSTANT_CONVERSION = YES;
				CLANG_WARN_DEPRECATED_OBJC_IMPLEMENTATIONS = YES;
				CLANG_WARN_DIRECT_OBJC_ISA_USAGE = YES_ERROR;
				CLANG_WARN_DOCUMENTATION_COMMENTS = YES;
				CLANG_WARN_EMPTY_BODY = YES;
				CLANG_WARN_ENUM_CONVERSION = YES;
				CLANG_WARN_INFINITE_RECURSION = YES;
				CLANG_WARN_INT_CONVERSION = YES;
				CLANG_WARN_NON_LITERAL_NULL_CONVERSION = YES;
				CLANG_WARN_OBJC_IMPLICIT_RETAIN_SELF = YES;
				CLANG_WARN_OBJC_LITERAL_CONVERSION = YES;
				CLANG_WARN_OBJC_ROOT_CLASS = YES_ERROR;
				CLANG_WARN_QUOTED_INCLUDE_IN_FRAMEWORK_HEADER = YES;
				CLANG_WARN_RANGE_LOOP_ANALYSIS = YES;
				CLANG_WARN_STRICT_PROTOTYPES = YES;
				CLANG_WARN_SUSPICIOUS_MOVE = YES;
				CLANG_WARN_UNGUARDED_AVAILABILITY = YES_AGGRESSIVE;
				CLANG_WARN_UNREACHABLE_CODE = YES;
				CLANG_WARN__DUPLICATE_METHOD_MATCH = YES;
				COPY_PHASE_STRIP = NO;
				DEBUG_INFORMATION_FORMAT = dwarf;
				ENABLE_STRICT_OBJC_MSGSEND = YES;
				ENABLE_TESTABILITY = YES;
				ENABLE_USER_SCRIPT_SANDBOXING = YES;
				GCC_C_LANGUAGE_STANDARD = gnu17;
				GCC_DYNAMIC_NO_PIC = NO;
				GCC_NO_COMMON_BLOCKS = YES;
				GCC_OPTIMIZATION_LEVEL = 0;
				GCC_PREPROCESSOR_DEFINITIONS = (
					"DEBUG=1",
					"$(inherited)",
				);
				GCC_WARN_64_TO_32_BIT_CONVERSION = YES;
				GCC_WARN_ABOUT_RETURN_TYPE = YES_ERROR;
				GCC_WARN_UNDECLARED_SELECTOR = YES;
				GCC_WARN_UNINITIALIZED_AUTOS = YES_AGGRESSIVE;
				GCC_WARN_UNUSED_FUNCTION = YES;
				GCC_WARN_UNUSED_VARIABLE = YES;
				IPHONEOS_DEPLOYMENT_TARGET = 18.0;
				LOCALIZATION_PREFERS_STRING_CATALOGS = YES;
				MTL_ENABLE_DEBUG_INFO = INCLUDE_SOURCE;
				MTL_FAST_MATH = YES;
				ONLY_ACTIVE_ARCH = YES;
				SDKROOT = iphoneos;
				STRING_CATALOG_GENERATE_SYMBOLS = YES;
				SWIFT_ACTIVE_COMPILATION_CONDITIONS = "DEBUG $(inherited)";
				SWIFT_OPTIMIZATION_LEVEL = "-Onone";
			};
			name = Debug;
		};
		1A34B0AD2FDD9FF700CE2C7A /* Release */ = {
			isa = XCBuildConfiguration;
			buildSettings = {
				ALWAYS_SEARCH_USER_PATHS = NO;
				ASSETCATALOG_COMPILER_GENERATE_SWIFT_ASSET_SYMBOL_EXTENSIONS = YES;
				CLANG_ANALYZER_NONNULL = YES;
				CLANG_ANALYZER_NUMBER_OBJECT_CONVERSION = YES_AGGRESSIVE;
				CLANG_CXX_LANGUAGE_STANDARD = "gnu++20";
				CLANG_ENABLE_MODULES = YES;
				CLANG_ENABLE_OBJC_ARC = YES;
				CLANG_ENABLE_OBJC_WEAK = YES;
				CLANG_WARN_BLOCK_CAPTURE_AUTORELEASING = YES;
				CLANG_WARN_BOOL_CONVERSION = YES;
				CLANG_WARN_COMMA = YES;
				CLANG_WARN_CONSTANT_CONVERSION = YES;
				CLANG_WARN_DEPRECATED_OBJC_IMPLEMENTATIONS = YES;
				CLANG_WARN_DIRECT_OBJC_ISA_USAGE = YES_ERROR;
				CLANG_WARN_DOCUMENTATION_COMMENTS = YES;
				CLANG_WARN_EMPTY_BODY = YES;
				CLANG_WARN_ENUM_CONVERSION = YES;
				CLANG_WARN_INFINITE_RECURSION = YES;
				CLANG_WARN_INT_CONVERSION = YES;
				CLANG_WARN_NON_LITERAL_NULL_CONVERSION = YES;
				CLANG_WARN_OBJC_IMPLICIT_RETAIN_SELF = YES;
				CLANG_WARN_OBJC_LITERAL_CONVERSION = YES;
				CLANG_WARN_OBJC_ROOT_CLASS = YES_ERROR;
				CLANG_WARN_QUOTED_INCLUDE_IN_FRAMEWORK_HEADER = YES;
				CLANG_WARN_RANGE_LOOP_ANALYSIS = YES;
				CLANG_WARN_STRICT_PROTOTYPES = YES;
				CLANG_WARN_SUSPICIOUS_MOVE = YES;
				CLANG_WARN_UNGUARDED_AVAILABILITY = YES_AGGRESSIVE;
				CLANG_WARN_UNREACHABLE_CODE = YES;
				CLANG_WARN__DUPLICATE_METHOD_MATCH = YES;
				COPY_PHASE_STRIP = NO;
				DEBUG_INFORMATION_FORMAT = "dwarf-with-dsym";
				ENABLE_NS_ASSERTIONS = NO;
				ENABLE_STRICT_OBJC_MSGSEND = YES;
				ENABLE_USER_SCRIPT_SANDBOXING = YES;
				GCC_C_LANGUAGE_STANDARD = gnu17;
				GCC_NO_COMMON_BLOCKS = YES;
				GCC_WARN_64_TO_32_BIT_CONVERSION = YES;
				GCC_WARN_ABOUT_RETURN_TYPE = YES_ERROR;
				GCC_WARN_UNDECLARED_SELECTOR = YES;
				GCC_WARN_UNINITIALIZED_AUTOS = YES_AGGRESSIVE;
				GCC_WARN_UNUSED_FUNCTION = YES;
				GCC_WARN_UNUSED_VARIABLE = YES;
				IPHONEOS_DEPLOYMENT_TARGET = 18.0;
				LOCALIZATION_PREFERS_STRING_CATALOGS = YES;
				MTL_ENABLE_DEBUG_INFO = NO;
				MTL_FAST_MATH = YES;
				SDKROOT = iphoneos;
				STRING_CATALOG_GENERATE_SYMBOLS = YES;
				SWIFT_COMPILATION_MODE = wholemodule;
				VALIDATE_PRODUCT = YES;
			};
			name = Release;
		};
		1A34B0AF2FDD9FF700CE2C7A /* Debug */ = {
			isa = XCBuildConfiguration;
			buildSettings = {
				ASSETCATALOG_COMPILER_APPICON_NAME = AppIcon;
				ASSETCATALOG_COMPILER_GLOBAL_ACCENT_COLOR_NAME = AccentColor;
				CODE_SIGN_ENTITLEMENTS = BangumiTracker/Entitlements.entitlements;
				CODE_SIGN_STYLE = Automatic;
				CURRENT_PROJECT_VERSION = 1;
				DEVELOPMENT_TEAM = Z9PVKSMZVW;
				ENABLE_PREVIEWS = YES;
				GENERATE_INFOPLIST_FILE = YES;
				INFOPLIST_KEY_CFBundleDisplayName = "BanguMate β";
				INFOPLIST_KEY_CFBundleURLTypes = "<array><dict><key>CFBundleURLName</key><string>$(PRODUCT_BUNDLE_IDENTIFIER)</string><key>CFBundleURLSchemes</key><array><string>bangumitracker</string></array></dict></array>";
				INFOPLIST_KEY_UIApplicationSceneManifest_Generation = YES;
				INFOPLIST_KEY_UIApplicationSupportsIndirectInputEvents = YES;
				INFOPLIST_KEY_UILaunchScreen_Generation = YES;
				INFOPLIST_KEY_UISupportedInterfaceOrientations_iPad = "UIInterfaceOrientationPortrait UIInterfaceOrientationPortraitUpsideDown UIInterfaceOrientationLandscapeLeft UIInterfaceOrientationLandscapeRight";
				INFOPLIST_KEY_UISupportedInterfaceOrientations_iPhone = "UIInterfaceOrientationPortrait UIInterfaceOrientationLandscapeLeft UIInterfaceOrientationLandscapeRight";
				IPHONEOS_DEPLOYMENT_TARGET = 18.0;
				LD_RUNPATH_SEARCH_PATHS = (
					"$(inherited)",
					"@executable_path/Frameworks",
				);
				MARKETING_VERSION = 1.0;
				PRODUCT_BUNDLE_IDENTIFIER = z.zy.BangumiTracker.dev;
				PRODUCT_NAME = "$(TARGET_NAME)";
				STRING_CATALOG_GENERATE_SYMBOLS = YES;
				SWIFT_APPROACHABLE_CONCURRENCY = YES;
				SWIFT_DEFAULT_ACTOR_ISOLATION = MainActor;
				SWIFT_EMIT_LOC_STRINGS = YES;
				SWIFT_STRICT_CONCURRENCY = complete;
				SWIFT_UPCOMING_FEATURE_MEMBER_IMPORT_VISIBILITY = YES;
				SWIFT_VERSION = 6.0;
				TARGETED_DEVICE_FAMILY = 1;
			};
			name = Debug;
		};
		1A34B0B02FDD9FF700CE2C7A /* Release */ = {
			isa = XCBuildConfiguration;
			buildSettings = {
				ASSETCATALOG_COMPILER_APPICON_NAME = AppIcon;
				ASSETCATALOG_COMPILER_GLOBAL_ACCENT_COLOR_NAME = AccentColor;
				CODE_SIGN_ENTITLEMENTS = BangumiTracker/Entitlements.entitlements;
				CODE_SIGN_STYLE = Automatic;
				CURRENT_PROJECT_VERSION = 1;
				DEVELOPMENT_TEAM = Z9PVKSMZVW;
				ENABLE_PREVIEWS = YES;
				GENERATE_INFOPLIST_FILE = YES;
				INFOPLIST_KEY_CFBundleDisplayName = "BanguMate β";
				INFOPLIST_KEY_CFBundleURLTypes = "<array><dict><key>CFBundleURLName</key><string>$(PRODUCT_BUNDLE_IDENTIFIER)</string><key>CFBundleURLSchemes</key><array><string>bangumitracker</string></array></dict></array>";
				INFOPLIST_KEY_UIApplicationSceneManifest_Generation = YES;
				INFOPLIST_KEY_UIApplicationSupportsIndirectInputEvents = YES;
				INFOPLIST_KEY_UILaunchScreen_Generation = YES;
				INFOPLIST_KEY_UISupportedInterfaceOrientations_iPad = "UIInterfaceOrientationPortrait UIInterfaceOrientationPortraitUpsideDown UIInterfaceOrientationLandscapeLeft UIInterfaceOrientationLandscapeRight";
				INFOPLIST_KEY_UISupportedInterfaceOrientations_iPhone = "UIInterfaceOrientationPortrait UIInterfaceOrientationLandscapeLeft UIInterfaceOrientationLandscapeRight";
				IPHONEOS_DEPLOYMENT_TARGET = 18.0;
				LD_RUNPATH_SEARCH_PATHS = (
					"$(inherited)",
					"@executable_path/Frameworks",
				);
				MARKETING_VERSION = 1.0;
				PRODUCT_BUNDLE_IDENTIFIER = z.zy.BangumiTracker;
				PRODUCT_NAME = "$(TARGET_NAME)";
				STRING_CATALOG_GENERATE_SYMBOLS = YES;
				SWIFT_APPROACHABLE_CONCURRENCY = YES;
				SWIFT_DEFAULT_ACTOR_ISOLATION = MainActor;
				SWIFT_EMIT_LOC_STRINGS = YES;
				SWIFT_STRICT_CONCURRENCY = complete;
				SWIFT_UPCOMING_FEATURE_MEMBER_IMPORT_VISIBILITY = YES;
				SWIFT_VERSION = 6.0;
				TARGETED_DEVICE_FAMILY = 1;
			};
			name = Release;
		};
		7E29952C7B5143D09DF8AA86 /* Debug */ = {
			isa = XCBuildConfiguration;
			buildSettings = {
				APPLICATION_EXTENSION_API_ONLY = YES;
				CODE_SIGN_ENTITLEMENTS = BangumiWidgets/BangumiWidgets.entitlements;
				CODE_SIGN_IDENTITY = "-";
				"CODE_SIGN_IDENTITY[sdk=iphoneos*]" = "Apple Development";
				CODE_SIGN_STYLE = Automatic;
				CURRENT_PROJECT_VERSION = 1;
				DEVELOPMENT_TEAM = Z9PVKSMZVW;
				INFOPLIST_FILE = "BangumiWidgets-Info.plist";
				INFOPLIST_KEY_CFBundleDisplayName = "BanguMate β";
				INFOPLIST_KEY_CFBundleShortVersionString = "$(MARKETING_VERSION)";
				INFOPLIST_KEY_CFBundleVersion = "$(CURRENT_PROJECT_VERSION)";
				IPHONEOS_DEPLOYMENT_TARGET = 18.0;
				MARKETING_VERSION = 1.0;
				PRODUCT_BUNDLE_IDENTIFIER = z.zy.BangumiTracker.dev.widgets;
				PRODUCT_NAME = BangumiWidgets;
				PROVISIONING_PROFILE_SPECIFIER = "";
				SWIFT_DEFAULT_ACTOR_ISOLATION = MainActor;
				SWIFT_STRICT_CONCURRENCY = complete;
				SWIFT_VERSION = 6.0;
				TARGETED_DEVICE_FAMILY = "1,2";
			};
			name = Debug;
		};
		1A00TEST000000000000000A /* Debug */ = {
			isa = XCBuildConfiguration;
			buildSettings = {
				BUNDLE_LOADER = "$(TEST_HOST)";
				CODE_SIGN_STYLE = Automatic;
				CURRENT_PROJECT_VERSION = 1;
				DEVELOPMENT_TEAM = Z9PVKSMZVW;
				GENERATE_INFOPLIST_FILE = YES;
				IPHONEOS_DEPLOYMENT_TARGET = 18.0;
				MARKETING_VERSION = 1.0;
				PRODUCT_BUNDLE_IDENTIFIER = z.zy.BangumiTracker.tests;
				PRODUCT_NAME = "$(TARGET_NAME)";
				SWIFT_EMIT_LOC_STRINGS = NO;
				SWIFT_VERSION = 6.0;
				TARGETED_DEVICE_FAMILY = 1;
				TEST_HOST = "$(BUILT_PRODUCTS_DIR)/BangumiTracker.app/$(BUNDLE_EXECUTABLE_FOLDER_PATH)/BangumiTracker";
			};
			name = Debug;
		};
		1A00TEST000000000000000B /* Release */ = {
			isa = XCBuildConfiguration;
			buildSettings = {
				BUNDLE_LOADER = "$(TEST_HOST)";
				CODE_SIGN_STYLE = Automatic;
				CURRENT_PROJECT_VERSION = 1;
				DEVELOPMENT_TEAM = Z9PVKSMZVW;
				GENERATE_INFOPLIST_FILE = YES;
				IPHONEOS_DEPLOYMENT_TARGET = 18.0;
				MARKETING_VERSION = 1.0;
				PRODUCT_BUNDLE_IDENTIFIER = z.zy.BangumiTracker.tests;
				PRODUCT_NAME = "$(TARGET_NAME)";
				SWIFT_EMIT_LOC_STRINGS = NO;
				SWIFT_VERSION = 6.0;
				TARGETED_DEVICE_FAMILY = 1;
				TEST_HOST = "$(BUILT_PRODUCTS_DIR)/BangumiTracker.app/$(BUNDLE_EXECUTABLE_FOLDER_PATH)/BangumiTracker";
			};
			name = Release;
		};
/* End XCBuildConfiguration section */

/* Begin XCConfigurationList section */
		1A34B09C2FDD9FF600CE2C7A /* Build configuration list for PBXProject "BangumiTracker" */ = {
			isa = XCConfigurationList;
			buildConfigurations = (
				1A34B0AC2FDD9FF700CE2C7A /* Debug */,
				1A34B0AD2FDD9FF700CE2C7A /* Release */,
			);
			defaultConfigurationIsVisible = 0;
			defaultConfigurationName = Release;
		};
		1A34B0AE2FDD9FF700CE2C7A /* Build configuration list for PBXNativeTarget "BangumiTracker" */ = {
			isa = XCConfigurationList;
			buildConfigurations = (
				1A34B0AF2FDD9FF700CE2C7A /* Debug */,
				1A34B0B02FDD9FF700CE2C7A /* Release */,
			);
			defaultConfigurationIsVisible = 0;
			defaultConfigurationName = Release;
		};
		5DEE00BF30B345F8B28BC666BuildConfig /* Build configuration list for PBXNativeTarget "BangumiWidgets" */ = {
			isa = XCConfigurationList;
			buildConfigurations = (
				7E29952C7B5143D09DF8AA86 /* Debug */,
				0191795AE29146769360C9EF /* Release */,
			);
			defaultConfigurationIsVisible = 0;
			defaultConfigurationName = Release;
		};
		1A00TEST0000000000000009 /* Build configuration list for PBXNativeTarget "BangumiTrackerTests" */ = {
			isa = XCConfigurationList;
			buildConfigurations = (
				1A00TEST000000000000000A /* Debug */,
				1A00TEST000000000000000B /* Release */,
			);
			defaultConfigurationIsVisible = 0;
			defaultConfigurationName = Release;
		};
/* End XCConfigurationList section */

/* Begin XCRemoteSwiftPackageReference section */
		1A00000C2FDD9FF600CE2C7A /* XCRemoteSwiftPackageReference "Kingfisher" */ = {
			isa = XCRemoteSwiftPackageReference;
			repositoryURL = "https://github.com/onevcat/Kingfisher.git";
			requirement = {
				kind = upToNextMajorVersion;
				minimumVersion = 8.0.0;
			};
		};
/* End XCRemoteSwiftPackageReference section */

/* Begin XCSwiftPackageProductDependency section */
		1A00000B2FDD9FF600CE2C7A /* Kingfisher */ = {
			isa = XCSwiftPackageProductDependency;
			package = 1A00000C2FDD9FF600CE2C7A /* XCRemoteSwiftPackageReference "Kingfisher" */;
			productName = Kingfisher;
		};
/* End XCSwiftPackageProductDependency section */
	};
	rootObject = 1A34B0992FDD9FF600CE2C7A /* Project object */;
}
